
Microsoft Visual Studio Solution File, Format Version 12.00
# Visual Studio Version 17
VisualStudioVersion = 17.0.32126.317
MinimumVisualStudioVersion = 10.0.40219.1
Project("{2150E333-8FDC-42A3-9474-1A3956D46DE8}") = "Documents", "Documents", "{49A6A930-B633-4B82-A962-AA1AEEAC9221}"
	ProjectSection(SolutionItems) = preProject
		Documents\Database Diagram.png = Documents\Database Diagram.png
		Documents\Development Environment.txt = Documents\Development Environment.txt
		Documents\Project Description.docx = Documents\Project Description.docx
	EndProjectSection
EndProject
Project("{2150E333-8FDC-42A3-9474-1A3956D46DE8}") = "Framework", "Framework", "{32CFFF6B-1365-4D3B-BAD2-5498C3FFE88F}"
EndProject
Project("{2150E333-8FDC-42A3-9474-1A3956D46DE8}") = "ShortLink", "ShortLink", "{F6AD1AB1-962D-475B-B7D4-F87B226C9512}"
EndProject
Project("{2150E333-8FDC-42A3-9474-1A3956D46DE8}") = "Api", "Api", "{6D9C5AA7-1983-4532-993B-C877EA94AED3}"
EndProject
Project("{9A19103F-16F7-4668-BE54-9A1E7A4F7556}") = "ShortLink.Api", "ShortLink.Api\ShortLink.Api.csproj", "{EC370ED3-A6D4-42E6-B1BD-A41019ED2BA3}"
EndProject
Project("{2150E333-8FDC-42A3-9474-1A3956D46DE8}") = "Application", "Application", "{3E913F45-E2FB-4FDD-B6DA-843807110F66}"
EndProject
Project("{9A19103F-16F7-4668-BE54-9A1E7A4F7556}") = "ShortLink.Application", "ShortLink.Application\ShortLink.Application.csproj", "{3BC91267-815C-4591-89C8-DE091E84EDC7}"
EndProject
Project("{2150E333-8FDC-42A3-9474-1A3956D46DE8}") = "Core", "Core", "{40EA054B-EF12-4484-8EB3-E0BE91359F21}"
EndProject
Project("{9A19103F-16F7-4668-BE54-9A1E7A4F7556}") = "ShortLink.Core", "ShortLink.Core\ShortLink.Core.csproj", "{1B0B2095-8E11-4710-AECD-11A774331613}"
EndProject
Project("{2150E333-8FDC-42A3-9474-1A3956D46DE8}") = "Domain", "Domain", "{CCA1B493-E98F-479C-BAA5-B35E60D3D32D}"
EndProject
Project("{9A19103F-16F7-4668-BE54-9A1E7A4F7556}") = "ShortLink.Domain", "ShortLink.Domain\ShortLink.Domain.csproj", "{4F04505F-E749-4EE5-8CFF-EAE282FF56ED}"
EndProject
Project("{2150E333-8FDC-42A3-9474-1A3956D46DE8}") = "Persistence", "Persistence", "{8F82731C-6746-4FF5-A5D4-05DB8A368CE5}"
EndProject
Project("{9A19103F-16F7-4668-BE54-9A1E7A4F7556}") = "ShortLink.Persistence", "ShortLink.Persistence\ShortLink.Persistence.csproj", "{AFFCC8B5-EF83-426F-A9C8-1DE70DE7C634}"
EndProject
Project("{2150E333-8FDC-42A3-9474-1A3956D46DE8}") = "Resources", "Resources", "{DE4CF71D-7F73-4ECD-8C70-34562B765967}"
EndProject
Project("{9A19103F-16F7-4668-BE54-9A1E7A4F7556}") = "ShortLink.Resources", "ShortLink.Resources\ShortLink.Resources.csproj", "{E9631D72-31B5-4E55-8E40-994F3038865B}"
EndProject
Project("{9A19103F-16F7-4668-BE54-9A1E7A4F7556}") = "IcFramework", "IcFramework\IcFramework.csproj", "{CFB8CEA8-F412-4CB3-82B9-1CD87DADAA43}"
EndProject
Project("{2150E333-8FDC-42A3-9474-1A3956D46DE8}") = "Web", "Web", "{10139E26-5120-479B-8087-41967412AF44}"
EndProject
Project("{9A19103F-16F7-4668-BE54-9A1E7A4F7556}") = "ShortLink.Web", "ShortLink.Web\ShortLink.Web.csproj", "{5552AD9E-492F-4AB2-95FD-6B5A66F7C745}"
EndProject
Global
	GlobalSection(SolutionConfigurationPlatforms) = preSolution
		Debug|Any CPU = Debug|Any CPU
		Release|Any CPU = Release|Any CPU
	EndGlobalSection
	GlobalSection(ProjectConfigurationPlatforms) = postSolution
		{EC370ED3-A6D4-42E6-B1BD-A41019ED2BA3}.Debug|Any CPU.ActiveCfg = Debug|Any CPU
		{EC370ED3-A6D4-42E6-B1BD-A41019ED2BA3}.Debug|Any CPU.Build.0 = Debug|Any CPU
		{EC370ED3-A6D4-42E6-B1BD-A41019ED2BA3}.Release|Any CPU.ActiveCfg = Release|Any CPU
		{EC370ED3-A6D4-42E6-B1BD-A41019ED2BA3}.Release|Any CPU.Build.0 = Release|Any CPU
		{3BC91267-815C-4591-89C8-DE091E84EDC7}.Debug|Any CPU.ActiveCfg = Debug|Any CPU
		{3BC91267-815C-4591-89C8-DE091E84EDC7}.Debug|Any CPU.Build.0 = Debug|Any CPU
		{3BC91267-815C-4591-89C8-DE091E84EDC7}.Release|Any CPU.ActiveCfg = Release|Any CPU
		{3BC91267-815C-4591-89C8-DE091E84EDC7}.Release|Any CPU.Build.0 = Release|Any CPU
		{1B0B2095-8E11-4710-AECD-11A774331613}.Debug|Any CPU.ActiveCfg = Debug|Any CPU
		{1B0B2095-8E11-4710-AECD-11A774331613}.Debug|Any CPU.Build.0 = Debug|Any CPU
		{1B0B2095-8E11-4710-AECD-11A774331613}.Release|Any CPU.ActiveCfg = Release|Any CPU
		{1B0B2095-8E11-4710-AECD-11A774331613}.Release|Any CPU.Build.0 = Release|Any CPU
		{4F04505F-E749-4EE5-8CFF-EAE282FF56ED}.Debug|Any CPU.ActiveCfg = Debug|Any CPU
		{4F04505F-E749-4EE5-8CFF-EAE282FF56ED}.Debug|Any CPU.Build.0 = Debug|Any CPU
		{4F04505F-E749-4EE5-8CFF-EAE282FF56ED}.Release|Any CPU.ActiveCfg = Release|Any CPU
		{4F04505F-E749-4EE5-8CFF-EAE282FF56ED}.Release|Any CPU.Build.0 = Release|Any CPU
		{AFFCC8B5-EF83-426F-A9C8-1DE70DE7C634}.Debug|Any CPU.ActiveCfg = Debug|Any CPU
		{AFFCC8B5-EF83-426F-A9C8-1DE70DE7C634}.Debug|Any CPU.Build.0 = Debug|Any CPU
		{AFFCC8B5-EF83-426F-A9C8-1DE70DE7C634}.Release|Any CPU.ActiveCfg = Release|Any CPU
		{AFFCC8B5-EF83-426F-A9C8-1DE70DE7C634}.Release|Any CPU.Build.0 = Release|Any CPU
		{E9631D72-31B5-4E55-8E40-994F3038865B}.Debug|Any CPU.ActiveCfg = Debug|Any CPU
		{E9631D72-31B5-4E55-8E40-994F3038865B}.Debug|Any CPU.Build.0 = Debug|Any CPU
		{E9631D72-31B5-4E55-8E40-994F3038865B}.Release|Any CPU.ActiveCfg = Release|Any CPU
		{E9631D72-31B5-4E55-8E40-994F3038865B}.Release|Any CPU.Build.0 = Release|Any CPU
		{CFB8CEA8-F412-4CB3-82B9-1CD87DADAA43}.Debug|Any CPU.ActiveCfg = Debug|Any CPU
		{CFB8CEA8-F412-4CB3-82B9-1CD87DADAA43}.Debug|Any CPU.Build.0 = Debug|Any CPU
		{CFB8CEA8-F412-4CB3-82B9-1CD87DADAA43}.Release|Any CPU.ActiveCfg = Release|Any CPU
		{CFB8CEA8-F412-4CB3-82B9-1CD87DADAA43}.Release|Any CPU.Build.0 = Release|Any CPU
		{5552AD9E-492F-4AB2-95FD-6B5A66F7C745}.Debug|Any CPU.ActiveCfg = Debug|Any CPU
		{5552AD9E-492F-4AB2-95FD-6B5A66F7C745}.Debug|Any CPU.Build.0 = Debug|Any CPU
		{5552AD9E-492F-4AB2-95FD-6B5A66F7C745}.Release|Any CPU.ActiveCfg = Release|Any CPU
		{5552AD9E-492F-4AB2-95FD-6B5A66F7C745}.Release|Any CPU.Build.0 = Release|Any CPU
	EndGlobalSection
	GlobalSection(SolutionProperties) = preSolution
		HideSolutionNode = FALSE
	EndGlobalSection
	GlobalSection(NestedProjects) = preSolution
		{6D9C5AA7-1983-4532-993B-C877EA94AED3} = {F6AD1AB1-962D-475B-B7D4-F87B226C9512}
		{EC370ED3-A6D4-42E6-B1BD-A41019ED2BA3} = {6D9C5AA7-1983-4532-993B-C877EA94AED3}
		{3E913F45-E2FB-4FDD-B6DA-843807110F66} = {F6AD1AB1-962D-475B-B7D4-F87B226C9512}
		{3BC91267-815C-4591-89C8-DE091E84EDC7} = {3E913F45-E2FB-4FDD-B6DA-843807110F66}
		{40EA054B-EF12-4484-8EB3-E0BE91359F21} = {F6AD1AB1-962D-475B-B7D4-F87B226C9512}
		{1B0B2095-8E11-4710-AECD-11A774331613} = {40EA054B-EF12-4484-8EB3-E0BE91359F21}
		{CCA1B493-E98F-479C-BAA5-B35E60D3D32D} = {F6AD1AB1-962D-475B-B7D4-F87B226C9512}
		{4F04505F-E749-4EE5-8CFF-EAE282FF56ED} = {CCA1B493-E98F-479C-BAA5-B35E60D3D32D}
		{8F82731C-6746-4FF5-A5D4-05DB8A368CE5} = {F6AD1AB1-962D-475B-B7D4-F87B226C9512}
		{AFFCC8B5-EF83-426F-A9C8-1DE70DE7C634} = {8F82731C-6746-4FF5-A5D4-05DB8A368CE5}
		{DE4CF71D-7F73-4ECD-8C70-34562B765967} = {F6AD1AB1-962D-475B-B7D4-F87B226C9512}
		{E9631D72-31B5-4E55-8E40-994F3038865B} = {DE4CF71D-7F73-4ECD-8C70-34562B765967}
		{CFB8CEA8-F412-4CB3-82B9-1CD87DADAA43} = {32CFFF6B-1365-4D3B-BAD2-5498C3FFE88F}
		{10139E26-5120-479B-8087-41967412AF44} = {F6AD1AB1-962D-475B-B7D4-F87B226C9512}
		{5552AD9E-492F-4AB2-95FD-6B5A66F7C745} = {10139E26-5120-479B-8087-41967412AF44}
	EndGlobalSection
	GlobalSection(ExtensibilityGlobals) = postSolution
		SolutionGuid = {8C94F23C-6B1C-413E-B1D6-93A72DA48135}
	EndGlobalSection
EndGlobal
